
Microsoft Visual Studio Solution File, Format Version 12.00
# Visual Studio Version 16
VisualStudioVersion = 16.0.29409.12
MinimumVisualStudioVersion = 10.0.40219.1
Project("{FAE04EC0-301F-11D3-BF4B-00C04F79EFBC}") = "PalindroomForLoop", "PalindroomForLoop\PalindroomForLoop.csproj", "{99FDD473-A3D3-41E0-98DA-29107B9C5E9D}"
EndProject
Project("{FAE04EC0-301F-11D3-BF4B-00C04F79EFBC}") = "MATRIX", "MATRIX\MATRIX.csproj", "{8EA1064E-4B24-43E0-AE8B-EE36B0E36F02}"
EndProject
Global
	GlobalSection(SolutionConfigurationPlatforms) = preSolution
		Debug|Any CPU = Debug|Any CPU
		Release|Any CPU = Release|Any CPU
	EndGlobalSection
	GlobalSection(ProjectConfigurationPlatforms) = postSolution
		{99FDD473-A3D3-41E0-98DA-29107B9C5E9D}.Debug|Any CPU.ActiveCfg = Debug|Any CPU
		{99FDD473-A3D3-41E0-98DA-29107B9C5E9D}.Debug|Any CPU.Build.0 = Debug|Any CPU
		{99FDD473-A3D3-41E0-98DA-29107B9C5E9D}.Release|Any CPU.ActiveCfg = Release|Any CPU
		{99FDD473-A3D3-41E0-98DA-29107B9C5E9D}.Release|Any CPU.Build.0 = Release|Any CPU
		{8EA1064E-4B24-43E0-AE8B-EE36B0E36F02}.Debug|Any CPU.ActiveCfg = Debug|Any CPU
		{8EA1064E-4B24-43E0-AE8B-EE36B0E36F02}.Debug|Any CPU.Build.0 = Debug|Any CPU
		{8EA1064E-4B24-43E0-AE8B-EE36B0E36F02}.Release|Any CPU.ActiveCfg = Release|Any CPU
		{8EA1064E-4B24-43E0-AE8B-EE36B0E36F02}.Release|Any CPU.Build.0 = Release|Any CPU
	EndGlobalSection
	GlobalSection(SolutionProperties) = preSolution
		HideSolutionNode = FALSE
	EndGlobalSection
	GlobalSection(ExtensibilityGlobals) = postSolution
		SolutionGuid = {3E47EA22-7B78-41D9-A0A8-A47D2D669E13}
	EndGlobalSection
EndGlobal
